
Microsoft Visual Studio Solution File, Format Version 12.00
# Visual Studio Version 17
VisualStudioVersion = 17.14.36202.13
MinimumVisualStudioVersion = 10.0.40219.1
Project("{2150E333-8FDC-42A3-9474-1A3956D46DE8}") = "tests", "tests", "{0AB3BF05-4346-4AA6-1389-037BE0695223}"
EndProject
Project("{FAE04EC0-301F-11D3-BF4B-00C04F79EFBC}") = "MakanApp.UnitTests", "tests\MakanApp.UnitTests\MakanApp.UnitTests.csproj", "{5F255665-AA81-445E-8482-1CE42323149A}"
EndProject
Project("{FAE04EC0-301F-11D3-BF4B-00C04F79EFBC}") = "MakanApp.IntegrationTests", "tests\MakanApp.IntegrationTests\MakanApp.IntegrationTests.csproj", "{CDD74548-7BCC-4033-85E1-C350173C9CC4}"
EndProject
Project("{FAE04EC0-301F-11D3-BF4B-00C04F79EFBC}") = "MakanApp.ArchitectureTests", "tests\MakanApp.ArchitectureTests\MakanApp.ArchitectureTests.csproj", "{CF9C9AA3-437B-46AC-B6DB-F588CD6DF0BB}"
EndProject
Project("{2150E333-8FDC-42A3-9474-1A3956D46DE8}") = "Backend", "Backend", "{1AE8ACA6-933B-BF2A-3671-3E2EAC007D16}"
EndProject
Project("{FAE04EC0-301F-11D3-BF4B-00C04F79EFBC}") = "MakanApp.Domain", "MakanApp.Domain\MakanApp.Domain.csproj", "{E0534A23-8ED1-445A-A7F0-D2AAB0D98244}"
EndProject
Project("{FAE04EC0-301F-11D3-BF4B-00C04F79EFBC}") = "MakanApp.Application", "MakanApp.Application\MakanApp.Application.csproj", "{5812258E-F0CA-425D-ACBB-37795EE5653F}"
EndProject
Project("{FAE04EC0-301F-11D3-BF4B-00C04F79EFBC}") = "MakanApp.Infrastructure", "MakanApp.Infrastructure\MakanApp.Infrastructure.csproj", "{30529C5B-7956-4C76-B945-22B3B2FE722A}"
EndProject
Project("{FAE04EC0-301F-11D3-BF4B-00C04F79EFBC}") = "MakanApp.Api", "MakanApp.Api\MakanApp.Api.csproj", "{3B0A4A31-4724-4418-9D01-4D48B9A895DE}"
EndProject
Global
	GlobalSection(SolutionConfigurationPlatforms) = preSolution
		Debug|Any CPU = Debug|Any CPU
		Debug|x64 = Debug|x64
		Debug|x86 = Debug|x86
		Release|Any CPU = Release|Any CPU
		Release|x64 = Release|x64
		Release|x86 = Release|x86
	EndGlobalSection
	GlobalSection(ProjectConfigurationPlatforms) = postSolution
		{5F255665-AA81-445E-8482-1CE42323149A}.Debug|Any CPU.ActiveCfg = Debug|Any CPU
		{5F255665-AA81-445E-8482-1CE42323149A}.Debug|Any CPU.Build.0 = Debug|Any CPU
		{5F255665-AA81-445E-8482-1CE42323149A}.Debug|x64.ActiveCfg = Debug|Any CPU
		{5F255665-AA81-445E-8482-1CE42323149A}.Debug|x64.Build.0 = Debug|Any CPU
		{5F255665-AA81-445E-8482-1CE42323149A}.Debug|x86.ActiveCfg = Debug|Any CPU
		{5F255665-AA81-445E-8482-1CE42323149A}.Debug|x86.Build.0 = Debug|Any CPU
		{5F255665-AA81-445E-8482-1CE42323149A}.Release|Any CPU.ActiveCfg = Release|Any CPU
		{5F255665-AA81-445E-8482-1CE42323149A}.Release|Any CPU.Build.0 = Release|Any CPU
		{5F255665-AA81-445E-8482-1CE42323149A}.Release|x64.ActiveCfg = Release|Any CPU
		{5F255665-AA81-445E-8482-1CE42323149A}.Release|x64.Build.0 = Release|Any CPU
		{5F255665-AA81-445E-8482-1CE42323149A}.Release|x86.ActiveCfg = Release|Any CPU
		{5F255665-AA81-445E-8482-1CE42323149A}.Release|x86.Build.0 = Release|Any CPU
		{CDD74548-7BCC-4033-85E1-C350173C9CC4}.Debug|Any CPU.ActiveCfg = Debug|Any CPU
		{CDD74548-7BCC-4033-85E1-C350173C9CC4}.Debug|Any CPU.Build.0 = Debug|Any CPU
		{CDD74548-7BCC-4033-85E1-C350173C9CC4}.Debug|x64.ActiveCfg = Debug|Any CPU
		{CDD74548-7BCC-4033-85E1-C350173C9CC4}.Debug|x64.Build.0 = Debug|Any CPU
		{CDD74548-7BCC-4033-85E1-C350173C9CC4}.Debug|x86.ActiveCfg = Debug|Any CPU
		{CDD74548-7BCC-4033-85E1-C350173C9CC4}.Debug|x86.Build.0 = Debug|Any CPU
		{CDD74548-7BCC-4033-85E1-C350173C9CC4}.Release|Any CPU.ActiveCfg = Release|Any CPU
		{CDD74548-7BCC-4033-85E1-C350173C9CC4}.Release|Any CPU.Build.0 = Release|Any CPU
		{CDD74548-7BCC-4033-85E1-C350173C9CC4}.Release|x64.ActiveCfg = Release|Any CPU
		{CDD74548-7BCC-4033-85E1-C350173C9CC4}.Release|x64.Build.0 = Release|Any CPU
		{CDD74548-7BCC-4033-85E1-C350173C9CC4}.Release|x86.ActiveCfg = Release|Any CPU
		{CDD74548-7BCC-4033-85E1-C350173C9CC4}.Release|x86.Build.0 = Release|Any CPU
		{CF9C9AA3-437B-46AC-B6DB-F588CD6DF0BB}.Debug|Any CPU.ActiveCfg = Debug|Any CPU
		{CF9C9AA3-437B-46AC-B6DB-F588CD6DF0BB}.Debug|Any CPU.Build.0 = Debug|Any CPU
		{CF9C9AA3-437B-46AC-B6DB-F588CD6DF0BB}.Debug|x64.ActiveCfg = Debug|Any CPU
		{CF9C9AA3-437B-46AC-B6DB-F588CD6DF0BB}.Debug|x64.Build.0 = Debug|Any CPU
		{CF9C9AA3-437B-46AC-B6DB-F588CD6DF0BB}.Debug|x86.ActiveCfg = Debug|Any CPU
		{CF9C9AA3-437B-46AC-B6DB-F588CD6DF0BB}.Debug|x86.Build.0 = Debug|Any CPU
		{CF9C9AA3-437B-46AC-B6DB-F588CD6DF0BB}.Release|Any CPU.ActiveCfg = Release|Any CPU
		{CF9C9AA3-437B-46AC-B6DB-F588CD6DF0BB}.Release|Any CPU.Build.0 = Release|Any CPU
		{CF9C9AA3-437B-46AC-B6DB-F588CD6DF0BB}.Release|x64.ActiveCfg = Release|Any CPU
		{CF9C9AA3-437B-46AC-B6DB-F588CD6DF0BB}.Release|x64.Build.0 = Release|Any CPU
		{CF9C9AA3-437B-46AC-B6DB-F588CD6DF0BB}.Release|x86.ActiveCfg = Release|Any CPU
		{CF9C9AA3-437B-46AC-B6DB-F588CD6DF0BB}.Release|x86.Build.0 = Release|Any CPU
		{E0534A23-8ED1-445A-A7F0-D2AAB0D98244}.Debug|Any CPU.ActiveCfg = Debug|Any CPU
		{E0534A23-8ED1-445A-A7F0-D2AAB0D98244}.Debug|Any CPU.Build.0 = Debug|Any CPU
		{E0534A23-8ED1-445A-A7F0-D2AAB0D98244}.Debug|x64.ActiveCfg = Debug|Any CPU
		{E0534A23-8ED1-445A-A7F0-D2AAB0D98244}.Debug|x64.Build.0 = Debug|Any CPU
		{E0534A23-8ED1-445A-A7F0-D2AAB0D98244}.Debug|x86.ActiveCfg = Debug|Any CPU
		{E0534A23-8ED1-445A-A7F0-D2AAB0D98244}.Debug|x86.Build.0 = Debug|Any CPU
		{E0534A23-8ED1-445A-A7F0-D2AAB0D98244}.Release|Any CPU.ActiveCfg = Release|Any CPU
		{E0534A23-8ED1-445A-A7F0-D2AAB0D98244}.Release|Any CPU.Build.0 = Release|Any CPU
		{E0534A23-8ED1-445A-A7F0-D2AAB0D98244}.Release|x64.ActiveCfg = Release|Any CPU
		{E0534A23-8ED1-445A-A7F0-D2AAB0D98244}.Release|x64.Build.0 = Release|Any CPU
		{E0534A23-8ED1-445A-A7F0-D2AAB0D98244}.Release|x86.ActiveCfg = Release|Any CPU
		{E0534A23-8ED1-445A-A7F0-D2AAB0D98244}.Release|x86.Build.0 = Release|Any CPU
		{5812258E-F0CA-425D-ACBB-37795EE5653F}.Debug|Any CPU.ActiveCfg = Debug|Any CPU
		{5812258E-F0CA-425D-ACBB-37795EE5653F}.Debug|Any CPU.Build.0 = Debug|Any CPU
		{5812258E-F0CA-425D-ACBB-37795EE5653F}.Debug|x64.ActiveCfg = Debug|Any CPU
		{5812258E-F0CA-425D-ACBB-37795EE5653F}.Debug|x64.Build.0 = Debug|Any CPU
		{5812258E-F0CA-425D-ACBB-37795EE5653F}.Debug|x86.ActiveCfg = Debug|Any CPU
		{5812258E-F0CA-425D-ACBB-37795EE5653F}.Debug|x86.Build.0 = Debug|Any CPU
		{5812258E-F0CA-425D-ACBB-37795EE5653F}.Release|Any CPU.ActiveCfg = Release|Any CPU
		{5812258E-F0CA-425D-ACBB-37795EE5653F}.Release|Any CPU.Build.0 = Release|Any CPU
		{5812258E-F0CA-425D-ACBB-37795EE5653F}.Release|x64.ActiveCfg = Release|Any CPU
		{5812258E-F0CA-425D-ACBB-37795EE5653F}.Release|x64.Build.0 = Release|Any CPU
		{5812258E-F0CA-425D-ACBB-37795EE5653F}.Release|x86.ActiveCfg = Release|Any CPU
		{5812258E-F0CA-425D-ACBB-37795EE5653F}.Release|x86.Build.0 = Release|Any CPU
		{30529C5B-7956-4C76-B945-22B3B2FE722A}.Debug|Any CPU.ActiveCfg = Debug|Any CPU
		{30529C5B-7956-4C76-B945-22B3B2FE722A}.Debug|Any CPU.Build.0 = Debug|Any CPU
		{30529C5B-7956-4C76-B945-22B3B2FE722A}.Debug|x64.ActiveCfg = Debug|Any CPU
		{30529C5B-7956-4C76-B945-22B3B2FE722A}.Debug|x64.Build.0 = Debug|Any CPU
		{30529C5B-7956-4C76-B945-22B3B2FE722A}.Debug|x86.ActiveCfg = Debug|Any CPU
		{30529C5B-7956-4C76-B945-22B3B2FE722A}.Debug|x86.Build.0 = Debug|Any CPU
		{30529C5B-7956-4C76-B945-22B3B2FE722A}.Release|Any CPU.ActiveCfg = Release|Any CPU
		{30529C5B-7956-4C76-B945-22B3B2FE722A}.Release|Any CPU.Build.0 = Release|Any CPU
		{30529C5B-7956-4C76-B945-22B3B2FE722A}.Release|x64.ActiveCfg = Release|Any CPU
		{30529C5B-7956-4C76-B945-22B3B2FE722A}.Release|x64.Build.0 = Release|Any CPU
		{30529C5B-7956-4C76-B945-22B3B2FE722A}.Release|x86.ActiveCfg = Release|Any CPU
		{30529C5B-7956-4C76-B945-22B3B2FE722A}.Release|x86.Build.0 = Release|Any CPU
		{3B0A4A31-4724-4418-9D01-4D48B9A895DE}.Debug|Any CPU.ActiveCfg = Debug|Any CPU
		{3B0A4A31-4724-4418-9D01-4D48B9A895DE}.Debug|Any CPU.Build.0 = Debug|Any CPU
		{3B0A4A31-4724-4418-9D01-4D48B9A895DE}.Debug|x64.ActiveCfg = Debug|Any CPU
		{3B0A4A31-4724-4418-9D01-4D48B9A895DE}.Debug|x64.Build.0 = Debug|Any CPU
		{3B0A4A31-4724-4418-9D01-4D48B9A895DE}.Debug|x86.ActiveCfg = Debug|Any CPU
		{3B0A4A31-4724-4418-9D01-4D48B9A895DE}.Debug|x86.Build.0 = Debug|Any CPU
		{3B0A4A31-4724-4418-9D01-4D48B9A895DE}.Release|Any CPU.ActiveCfg = Release|Any CPU
		{3B0A4A31-4724-4418-9D01-4D48B9A895DE}.Release|Any CPU.Build.0 = Release|Any CPU
		{3B0A4A31-4724-4418-9D01-4D48B9A895DE}.Release|x64.ActiveCfg = Release|Any CPU
		{3B0A4A31-4724-4418-9D01-4D48B9A895DE}.Release|x64.Build.0 = Release|Any CPU
		{3B0A4A31-4724-4418-9D01-4D48B9A895DE}.Release|x86.ActiveCfg = Release|Any CPU
		{3B0A4A31-4724-4418-9D01-4D48B9A895DE}.Release|x86.Build.0 = Release|Any CPU
	EndGlobalSection
	GlobalSection(SolutionProperties) = preSolution
		HideSolutionNode = FALSE
	EndGlobalSection
	GlobalSection(NestedProjects) = preSolution
		{5F255665-AA81-445E-8482-1CE42323149A} = {0AB3BF05-4346-4AA6-1389-037BE0695223}
		{CDD74548-7BCC-4033-85E1-C350173C9CC4} = {0AB3BF05-4346-4AA6-1389-037BE0695223}
		{CF9C9AA3-437B-46AC-B6DB-F588CD6DF0BB} = {0AB3BF05-4346-4AA6-1389-037BE0695223}
		{E0534A23-8ED1-445A-A7F0-D2AAB0D98244} = {1AE8ACA6-933B-BF2A-3671-3E2EAC007D16}
		{5812258E-F0CA-425D-ACBB-37795EE5653F} = {1AE8ACA6-933B-BF2A-3671-3E2EAC007D16}
		{30529C5B-7956-4C76-B945-22B3B2FE722A} = {1AE8ACA6-933B-BF2A-3671-3E2EAC007D16}
		{3B0A4A31-4724-4418-9D01-4D48B9A895DE} = {1AE8ACA6-933B-BF2A-3671-3E2EAC007D16}
	EndGlobalSection
	GlobalSection(ExtensibilityGlobals) = postSolution
		SolutionGuid = {378A6239-153E-4666-9D6F-0068F596DF2B}
	EndGlobalSection
EndGlobal
